
Microsoft Visual Studio Solution File, Format Version 12.00
# Visual Studio Version 16
VisualStudioVersion = 16.0.30717.126
MinimumVisualStudioVersion = 10.0.40219.1
Project("{8BC9CEB8-8B4A-11D0-8D11-00A0C91BC942}") = "Lab_10", "Lab_10\Lab_10.vcxproj", "{E3016C40-A409-4CB3-865C-3E5682E84C63}"
EndProject
Project("{8BC9CEB8-8B4A-11D0-8D11-00A0C91BC942}") = "Рекурсивная функция со звездачками", "Рекурсивная функция со звездачками\Рекурсивная функция со звездачками.vcxproj", "{F05A7A1D-E3EC-437B-AEA7-25C6E1D71332}"
EndProject
Project("{8BC9CEB8-8B4A-11D0-8D11-00A0C91BC942}") = "test_Сортировка", "test_Сортировка\test_Сортировка.vcxproj", "{E43DE28E-E987-47C5-AD8E-BDAD701CAE44}"
EndProject
Project("{8BC9CEB8-8B4A-11D0-8D11-00A0C91BC942}") = "Задание_2", "Задание_2\Задание_2.vcxproj", "{B5422CA6-A9F5-4068-8F9F-7377CEEE53D5}"
EndProject
Project("{8BC9CEB8-8B4A-11D0-8D11-00A0C91BC942}") = "Задание_3", "Задание_3\Задание_3.vcxproj", "{A651E1BF-84A2-482F-B328-BC436A0A3D8D}"
EndProject
Project("{8BC9CEB8-8B4A-11D0-8D11-00A0C91BC942}") = "Задание_4", "Задание_4\Задание_4.vcxproj", "{5B2D6F1B-4D4D-414B-AD80-30D03A43BEC7}"
EndProject
Project("{8BC9CEB8-8B4A-11D0-8D11-00A0C91BC942}") = "Задание_5", "Задание_5\Задание_5.vcxproj", "{C6435147-B7B2-4A69-8079-1F2F52C6E625}"
EndProject
Project("{8BC9CEB8-8B4A-11D0-8D11-00A0C91BC942}") = "Задание_6", "Задание_6\Задание_6.vcxproj", "{53AA1D34-92F2-4605-A49B-3075B29D3981}"
EndProject
Global
	GlobalSection(SolutionConfigurationPlatforms) = preSolution
		Debug|x64 = Debug|x64
		Debug|x86 = Debug|x86
		Release|x64 = Release|x64
		Release|x86 = Release|x86
	EndGlobalSection
	GlobalSection(ProjectConfigurationPlatforms) = postSolution
		{E3016C40-A409-4CB3-865C-3E5682E84C63}.Debug|x64.ActiveCfg = Debug|x64
		{E3016C40-A409-4CB3-865C-3E5682E84C63}.Debug|x64.Build.0 = Debug|x64
		{E3016C40-A409-4CB3-865C-3E5682E84C63}.Debug|x86.ActiveCfg = Debug|Win32
		{E3016C40-A409-4CB3-865C-3E5682E84C63}.Debug|x86.Build.0 = Debug|Win32
		{E3016C40-A409-4CB3-865C-3E5682E84C63}.Release|x64.ActiveCfg = Release|x64
		{E3016C40-A409-4CB3-865C-3E5682E84C63}.Release|x64.Build.0 = Release|x64
		{E3016C40-A409-4CB3-865C-3E5682E84C63}.Release|x86.ActiveCfg = Release|Win32
		{E3016C40-A409-4CB3-865C-3E5682E84C63}.Release|x86.Build.0 = Release|Win32
		{F05A7A1D-E3EC-437B-AEA7-25C6E1D71332}.Debug|x64.ActiveCfg = Debug|x64
		{F05A7A1D-E3EC-437B-AEA7-25C6E1D71332}.Debug|x64.Build.0 = Debug|x64
		{F05A7A1D-E3EC-437B-AEA7-25C6E1D71332}.Debug|x86.ActiveCfg = Debug|Win32
		{F05A7A1D-E3EC-437B-AEA7-25C6E1D71332}.Debug|x86.Build.0 = Debug|Win32
		{F05A7A1D-E3EC-437B-AEA7-25C6E1D71332}.Release|x64.ActiveCfg = Release|x64
		{F05A7A1D-E3EC-437B-AEA7-25C6E1D71332}.Release|x64.Build.0 = Release|x64
		{F05A7A1D-E3EC-437B-AEA7-25C6E1D71332}.Release|x86.ActiveCfg = Release|Win32
		{F05A7A1D-E3EC-437B-AEA7-25C6E1D71332}.Release|x86.Build.0 = Release|Win32
		{E43DE28E-E987-47C5-AD8E-BDAD701CAE44}.Debug|x64.ActiveCfg = Debug|x64
		{E43DE28E-E987-47C5-AD8E-BDAD701CAE44}.Debug|x64.Build.0 = Debug|x64
		{E43DE28E-E987-47C5-AD8E-BDAD701CAE44}.Debug|x86.ActiveCfg = Debug|Win32
		{E43DE28E-E987-47C5-AD8E-BDAD701CAE44}.Debug|x86.Build.0 = Debug|Win32
		{E43DE28E-E987-47C5-AD8E-BDAD701CAE44}.Release|x64.ActiveCfg = Release|x64
		{E43DE28E-E987-47C5-AD8E-BDAD701CAE44}.Release|x64.Build.0 = Release|x64
		{E43DE28E-E987-47C5-AD8E-BDAD701CAE44}.Release|x86.ActiveCfg = Release|Win32
		{E43DE28E-E987-47C5-AD8E-BDAD701CAE44}.Release|x86.Build.0 = Release|Win32
		{B5422CA6-A9F5-4068-8F9F-7377CEEE53D5}.Debug|x64.ActiveCfg = Debug|x64
		{B5422CA6-A9F5-4068-8F9F-7377CEEE53D5}.Debug|x64.Build.0 = Debug|x64
		{B5422CA6-A9F5-4068-8F9F-7377CEEE53D5}.Debug|x86.ActiveCfg = Debug|Win32
		{B5422CA6-A9F5-4068-8F9F-7377CEEE53D5}.Debug|x86.Build.0 = Debug|Win32
		{B5422CA6-A9F5-4068-8F9F-7377CEEE53D5}.Release|x64.ActiveCfg = Release|x64
		{B5422CA6-A9F5-4068-8F9F-7377CEEE53D5}.Release|x64.Build.0 = Release|x64
		{B5422CA6-A9F5-4068-8F9F-7377CEEE53D5}.Release|x86.ActiveCfg = Release|Win32
		{B5422CA6-A9F5-4068-8F9F-7377CEEE53D5}.Release|x86.Build.0 = Release|Win32
		{A651E1BF-84A2-482F-B328-BC436A0A3D8D}.Debug|x64.ActiveCfg = Debug|x64
		{A651E1BF-84A2-482F-B328-BC436A0A3D8D}.Debug|x64.Build.0 = Debug|x64
		{A651E1BF-84A2-482F-B328-BC436A0A3D8D}.Debug|x86.ActiveCfg = Debug|Win32
		{A651E1BF-84A2-482F-B328-BC436A0A3D8D}.Debug|x86.Build.0 = Debug|Win32
		{A651E1BF-84A2-482F-B328-BC436A0A3D8D}.Release|x64.ActiveCfg = Release|x64
		{A651E1BF-84A2-482F-B328-BC436A0A3D8D}.Release|x64.Build.0 = Release|x64
		{A651E1BF-84A2-482F-B328-BC436A0A3D8D}.Release|x86.ActiveCfg = Release|Win32
		{A651E1BF-84A2-482F-B328-BC436A0A3D8D}.Release|x86.Build.0 = Release|Win32
		{5B2D6F1B-4D4D-414B-AD80-30D03A43BEC7}.Debug|x64.ActiveCfg = Debug|x64
		{5B2D6F1B-4D4D-414B-AD80-30D03A43BEC7}.Debug|x64.Build.0 = Debug|x64
		{5B2D6F1B-4D4D-414B-AD80-30D03A43BEC7}.Debug|x86.ActiveCfg = Debug|Win32
		{5B2D6F1B-4D4D-414B-AD80-30D03A43BEC7}.Debug|x86.Build.0 = Debug|Win32
		{5B2D6F1B-4D4D-414B-AD80-30D03A43BEC7}.Release|x64.ActiveCfg = Release|x64
		{5B2D6F1B-4D4D-414B-AD80-30D03A43BEC7}.Release|x64.Build.0 = Release|x64
		{5B2D6F1B-4D4D-414B-AD80-30D03A43BEC7}.Release|x86.ActiveCfg = Release|Win32
		{5B2D6F1B-4D4D-414B-AD80-30D03A43BEC7}.Release|x86.Build.0 = Release|Win32
		{C6435147-B7B2-4A69-8079-1F2F52C6E625}.Debug|x64.ActiveCfg = Debug|x64
		{C6435147-B7B2-4A69-8079-1F2F52C6E625}.Debug|x64.Build.0 = Debug|x64
		{C6435147-B7B2-4A69-8079-1F2F52C6E625}.Debug|x86.ActiveCfg = Debug|Win32
		{C6435147-B7B2-4A69-8079-1F2F52C6E625}.Debug|x86.Build.0 = Debug|Win32
		{C6435147-B7B2-4A69-8079-1F2F52C6E625}.Release|x64.ActiveCfg = Release|x64
		{C6435147-B7B2-4A69-8079-1F2F52C6E625}.Release|x64.Build.0 = Release|x64
		{C6435147-B7B2-4A69-8079-1F2F52C6E625}.Release|x86.ActiveCfg = Release|Win32
		{C6435147-B7B2-4A69-8079-1F2F52C6E625}.Release|x86.Build.0 = Release|Win32
		{53AA1D34-92F2-4605-A49B-3075B29D3981}.Debug|x64.ActiveCfg = Debug|x64
		{53AA1D34-92F2-4605-A49B-3075B29D3981}.Debug|x64.Build.0 = Debug|x64
		{53AA1D34-92F2-4605-A49B-3075B29D3981}.Debug|x86.ActiveCfg = Debug|Win32
		{53AA1D34-92F2-4605-A49B-3075B29D3981}.Debug|x86.Build.0 = Debug|Win32
		{53AA1D34-92F2-4605-A49B-3075B29D3981}.Release|x64.ActiveCfg = Release|x64
		{53AA1D34-92F2-4605-A49B-3075B29D3981}.Release|x64.Build.0 = Release|x64
		{53AA1D34-92F2-4605-A49B-3075B29D3981}.Release|x86.ActiveCfg = Release|Win32
		{53AA1D34-92F2-4605-A49B-3075B29D3981}.Release|x86.Build.0 = Release|Win32
	EndGlobalSection
	GlobalSection(SolutionProperties) = preSolution
		HideSolutionNode = FALSE
	EndGlobalSection
	GlobalSection(ExtensibilityGlobals) = postSolution
		SolutionGuid = {14005BCF-4297-4B0E-8D22-2F21DD7D5172}
	EndGlobalSection
EndGlobal
