
Microsoft Visual Studio Solution File, Format Version 12.00
# Visual Studio Version 16
VisualStudioVersion = 16.0.30717.126
MinimumVisualStudioVersion = 10.0.40219.1
Project("{8BC9CEB8-8B4A-11D0-8D11-00A0C91BC942}") = "Задание_1", "Задание_1\Задание_1.vcxproj", "{3F8C9187-EFF2-4551-B482-471EA21EBEEC}"
EndProject
Project("{8BC9CEB8-8B4A-11D0-8D11-00A0C91BC942}") = "for_test", "for_test\for_test.vcxproj", "{2B508FBA-BDAA-4AA8-81E3-6E452A9DB283}"
EndProject
Global
	GlobalSection(SolutionConfigurationPlatforms) = preSolution
		Debug|x64 = Debug|x64
		Debug|x86 = Debug|x86
		Release|x64 = Release|x64
		Release|x86 = Release|x86
	EndGlobalSection
	GlobalSection(ProjectConfigurationPlatforms) = postSolution
		{3F8C9187-EFF2-4551-B482-471EA21EBEEC}.Debug|x64.ActiveCfg = Debug|x64
		{3F8C9187-EFF2-4551-B482-471EA21EBEEC}.Debug|x64.Build.0 = Debug|x64
		{3F8C9187-EFF2-4551-B482-471EA21EBEEC}.Debug|x86.ActiveCfg = Debug|Win32
		{3F8C9187-EFF2-4551-B482-471EA21EBEEC}.Debug|x86.Build.0 = Debug|Win32
		{3F8C9187-EFF2-4551-B482-471EA21EBEEC}.Release|x64.ActiveCfg = Release|x64
		{3F8C9187-EFF2-4551-B482-471EA21EBEEC}.Release|x64.Build.0 = Release|x64
		{3F8C9187-EFF2-4551-B482-471EA21EBEEC}.Release|x86.ActiveCfg = Release|Win32
		{3F8C9187-EFF2-4551-B482-471EA21EBEEC}.Release|x86.Build.0 = Release|Win32
		{2B508FBA-BDAA-4AA8-81E3-6E452A9DB283}.Debug|x64.ActiveCfg = Debug|x64
		{2B508FBA-BDAA-4AA8-81E3-6E452A9DB283}.Debug|x64.Build.0 = Debug|x64
		{2B508FBA-BDAA-4AA8-81E3-6E452A9DB283}.Debug|x86.ActiveCfg = Debug|Win32
		{2B508FBA-BDAA-4AA8-81E3-6E452A9DB283}.Debug|x86.Build.0 = Debug|Win32
		{2B508FBA-BDAA-4AA8-81E3-6E452A9DB283}.Release|x64.ActiveCfg = Release|x64
		{2B508FBA-BDAA-4AA8-81E3-6E452A9DB283}.Release|x64.Build.0 = Release|x64
		{2B508FBA-BDAA-4AA8-81E3-6E452A9DB283}.Release|x86.ActiveCfg = Release|Win32
		{2B508FBA-BDAA-4AA8-81E3-6E452A9DB283}.Release|x86.Build.0 = Release|Win32
	EndGlobalSection
	GlobalSection(SolutionProperties) = preSolution
		HideSolutionNode = FALSE
	EndGlobalSection
	GlobalSection(ExtensibilityGlobals) = postSolution
		SolutionGuid = {1909940B-C5FE-41F0-BBFB-B848A8ED7FC2}
	EndGlobalSection
EndGlobal
