
Microsoft Visual Studio Solution File, Format Version 12.00
# Visual Studio Version 16
VisualStudioVersion = 16.0.30503.244
MinimumVisualStudioVersion = 10.0.40219.1
Project("{8BC9CEB8-8B4A-11D0-8D11-00A0C91BC942}") = "Задание_1", "Задание_1\Задание_1.vcxproj", "{BDC1A85B-9AC3-4C00-9D7B-0E801162A0AE}"
EndProject
Project("{8BC9CEB8-8B4A-11D0-8D11-00A0C91BC942}") = "Задание_2", "Задание_2\Задание_2.vcxproj", "{A1C277D1-2313-4B69-8833-B9C25D6A628B}"
EndProject
Project("{8BC9CEB8-8B4A-11D0-8D11-00A0C91BC942}") = "Задание_3", "Задание_3\Задание_3.vcxproj", "{8C1EDF23-863E-4439-95A2-CEF73326B253}"
EndProject
Project("{8BC9CEB8-8B4A-11D0-8D11-00A0C91BC942}") = "test", "test\test.vcxproj", "{826BBAC8-628E-48CD-8150-1863C4410196}"
EndProject
Global
	GlobalSection(SolutionConfigurationPlatforms) = preSolution
		Debug|x64 = Debug|x64
		Debug|x86 = Debug|x86
		Release|x64 = Release|x64
		Release|x86 = Release|x86
	EndGlobalSection
	GlobalSection(ProjectConfigurationPlatforms) = postSolution
		{BDC1A85B-9AC3-4C00-9D7B-0E801162A0AE}.Debug|x64.ActiveCfg = Debug|x64
		{BDC1A85B-9AC3-4C00-9D7B-0E801162A0AE}.Debug|x64.Build.0 = Debug|x64
		{BDC1A85B-9AC3-4C00-9D7B-0E801162A0AE}.Debug|x86.ActiveCfg = Debug|Win32
		{BDC1A85B-9AC3-4C00-9D7B-0E801162A0AE}.Debug|x86.Build.0 = Debug|Win32
		{BDC1A85B-9AC3-4C00-9D7B-0E801162A0AE}.Release|x64.ActiveCfg = Release|x64
		{BDC1A85B-9AC3-4C00-9D7B-0E801162A0AE}.Release|x64.Build.0 = Release|x64
		{BDC1A85B-9AC3-4C00-9D7B-0E801162A0AE}.Release|x86.ActiveCfg = Release|Win32
		{BDC1A85B-9AC3-4C00-9D7B-0E801162A0AE}.Release|x86.Build.0 = Release|Win32
		{A1C277D1-2313-4B69-8833-B9C25D6A628B}.Debug|x64.ActiveCfg = Debug|x64
		{A1C277D1-2313-4B69-8833-B9C25D6A628B}.Debug|x64.Build.0 = Debug|x64
		{A1C277D1-2313-4B69-8833-B9C25D6A628B}.Debug|x86.ActiveCfg = Debug|Win32
		{A1C277D1-2313-4B69-8833-B9C25D6A628B}.Debug|x86.Build.0 = Debug|Win32
		{A1C277D1-2313-4B69-8833-B9C25D6A628B}.Release|x64.ActiveCfg = Release|x64
		{A1C277D1-2313-4B69-8833-B9C25D6A628B}.Release|x64.Build.0 = Release|x64
		{A1C277D1-2313-4B69-8833-B9C25D6A628B}.Release|x86.ActiveCfg = Release|Win32
		{A1C277D1-2313-4B69-8833-B9C25D6A628B}.Release|x86.Build.0 = Release|Win32
		{8C1EDF23-863E-4439-95A2-CEF73326B253}.Debug|x64.ActiveCfg = Debug|x64
		{8C1EDF23-863E-4439-95A2-CEF73326B253}.Debug|x64.Build.0 = Debug|x64
		{8C1EDF23-863E-4439-95A2-CEF73326B253}.Debug|x86.ActiveCfg = Debug|Win32
		{8C1EDF23-863E-4439-95A2-CEF73326B253}.Debug|x86.Build.0 = Debug|Win32
		{8C1EDF23-863E-4439-95A2-CEF73326B253}.Release|x64.ActiveCfg = Release|x64
		{8C1EDF23-863E-4439-95A2-CEF73326B253}.Release|x64.Build.0 = Release|x64
		{8C1EDF23-863E-4439-95A2-CEF73326B253}.Release|x86.ActiveCfg = Release|Win32
		{8C1EDF23-863E-4439-95A2-CEF73326B253}.Release|x86.Build.0 = Release|Win32
		{826BBAC8-628E-48CD-8150-1863C4410196}.Debug|x64.ActiveCfg = Debug|x64
		{826BBAC8-628E-48CD-8150-1863C4410196}.Debug|x64.Build.0 = Debug|x64
		{826BBAC8-628E-48CD-8150-1863C4410196}.Debug|x86.ActiveCfg = Debug|Win32
		{826BBAC8-628E-48CD-8150-1863C4410196}.Debug|x86.Build.0 = Debug|Win32
		{826BBAC8-628E-48CD-8150-1863C4410196}.Release|x64.ActiveCfg = Release|x64
		{826BBAC8-628E-48CD-8150-1863C4410196}.Release|x64.Build.0 = Release|x64
		{826BBAC8-628E-48CD-8150-1863C4410196}.Release|x86.ActiveCfg = Release|Win32
		{826BBAC8-628E-48CD-8150-1863C4410196}.Release|x86.Build.0 = Release|Win32
	EndGlobalSection
	GlobalSection(SolutionProperties) = preSolution
		HideSolutionNode = FALSE
	EndGlobalSection
	GlobalSection(ExtensibilityGlobals) = postSolution
		SolutionGuid = {2CF0D490-0AC6-4114-9124-42C2ED5E0FE2}
	EndGlobalSection
EndGlobal
