
Microsoft Visual Studio Solution File, Format Version 12.00
# Visual Studio Version 16
VisualStudioVersion = 16.0.30717.126
MinimumVisualStudioVersion = 10.0.40219.1
Project("{8BC9CEB8-8B4A-11D0-8D11-00A0C91BC942}") = "Lab_7", "Lab_7\Lab_7.vcxproj", "{37966A15-6C84-4853-9A24-D009D47AC6F7}"
EndProject
Project("{8BC9CEB8-8B4A-11D0-8D11-00A0C91BC942}") = "Задание_2", "Задание_2\Задание_2.vcxproj", "{50C87AEE-4355-482B-89BA-9AD51DAD23D1}"
EndProject
Project("{8BC9CEB8-8B4A-11D0-8D11-00A0C91BC942}") = "Задание_3", "Задание_3\Задание_3.vcxproj", "{54921B99-8669-4A4E-AF4C-929BBB6847F5}"
EndProject
Project("{8BC9CEB8-8B4A-11D0-8D11-00A0C91BC942}") = "Задание_4", "Задание_4\Задание_4.vcxproj", "{DCB2E1C0-B497-4400-A3F8-50D6661A6D49}"
EndProject
Project("{8BC9CEB8-8B4A-11D0-8D11-00A0C91BC942}") = "Задание_5", "Задание_5\Задание_5.vcxproj", "{9BF81B34-BBF0-4EBD-8623-452260CF07EB}"
EndProject
Project("{8BC9CEB8-8B4A-11D0-8D11-00A0C91BC942}") = "Задание_6", "Задание_6\Задание_6.vcxproj", "{D6D11C5B-77F5-4BE8-A4F3-974B3C598606}"
EndProject
Global
	GlobalSection(SolutionConfigurationPlatforms) = preSolution
		Debug|x64 = Debug|x64
		Debug|x86 = Debug|x86
		Release|x64 = Release|x64
		Release|x86 = Release|x86
	EndGlobalSection
	GlobalSection(ProjectConfigurationPlatforms) = postSolution
		{37966A15-6C84-4853-9A24-D009D47AC6F7}.Debug|x64.ActiveCfg = Debug|x64
		{37966A15-6C84-4853-9A24-D009D47AC6F7}.Debug|x64.Build.0 = Debug|x64
		{37966A15-6C84-4853-9A24-D009D47AC6F7}.Debug|x86.ActiveCfg = Debug|Win32
		{37966A15-6C84-4853-9A24-D009D47AC6F7}.Debug|x86.Build.0 = Debug|Win32
		{37966A15-6C84-4853-9A24-D009D47AC6F7}.Release|x64.ActiveCfg = Release|x64
		{37966A15-6C84-4853-9A24-D009D47AC6F7}.Release|x64.Build.0 = Release|x64
		{37966A15-6C84-4853-9A24-D009D47AC6F7}.Release|x86.ActiveCfg = Release|Win32
		{37966A15-6C84-4853-9A24-D009D47AC6F7}.Release|x86.Build.0 = Release|Win32
		{50C87AEE-4355-482B-89BA-9AD51DAD23D1}.Debug|x64.ActiveCfg = Debug|x64
		{50C87AEE-4355-482B-89BA-9AD51DAD23D1}.Debug|x64.Build.0 = Debug|x64
		{50C87AEE-4355-482B-89BA-9AD51DAD23D1}.Debug|x86.ActiveCfg = Debug|Win32
		{50C87AEE-4355-482B-89BA-9AD51DAD23D1}.Debug|x86.Build.0 = Debug|Win32
		{50C87AEE-4355-482B-89BA-9AD51DAD23D1}.Release|x64.ActiveCfg = Release|x64
		{50C87AEE-4355-482B-89BA-9AD51DAD23D1}.Release|x64.Build.0 = Release|x64
		{50C87AEE-4355-482B-89BA-9AD51DAD23D1}.Release|x86.ActiveCfg = Release|Win32
		{50C87AEE-4355-482B-89BA-9AD51DAD23D1}.Release|x86.Build.0 = Release|Win32
		{54921B99-8669-4A4E-AF4C-929BBB6847F5}.Debug|x64.ActiveCfg = Debug|x64
		{54921B99-8669-4A4E-AF4C-929BBB6847F5}.Debug|x64.Build.0 = Debug|x64
		{54921B99-8669-4A4E-AF4C-929BBB6847F5}.Debug|x86.ActiveCfg = Debug|Win32
		{54921B99-8669-4A4E-AF4C-929BBB6847F5}.Debug|x86.Build.0 = Debug|Win32
		{54921B99-8669-4A4E-AF4C-929BBB6847F5}.Release|x64.ActiveCfg = Release|x64
		{54921B99-8669-4A4E-AF4C-929BBB6847F5}.Release|x64.Build.0 = Release|x64
		{54921B99-8669-4A4E-AF4C-929BBB6847F5}.Release|x86.ActiveCfg = Release|Win32
		{54921B99-8669-4A4E-AF4C-929BBB6847F5}.Release|x86.Build.0 = Release|Win32
		{DCB2E1C0-B497-4400-A3F8-50D6661A6D49}.Debug|x64.ActiveCfg = Debug|x64
		{DCB2E1C0-B497-4400-A3F8-50D6661A6D49}.Debug|x64.Build.0 = Debug|x64
		{DCB2E1C0-B497-4400-A3F8-50D6661A6D49}.Debug|x86.ActiveCfg = Debug|Win32
		{DCB2E1C0-B497-4400-A3F8-50D6661A6D49}.Debug|x86.Build.0 = Debug|Win32
		{DCB2E1C0-B497-4400-A3F8-50D6661A6D49}.Release|x64.ActiveCfg = Release|x64
		{DCB2E1C0-B497-4400-A3F8-50D6661A6D49}.Release|x64.Build.0 = Release|x64
		{DCB2E1C0-B497-4400-A3F8-50D6661A6D49}.Release|x86.ActiveCfg = Release|Win32
		{DCB2E1C0-B497-4400-A3F8-50D6661A6D49}.Release|x86.Build.0 = Release|Win32
		{9BF81B34-BBF0-4EBD-8623-452260CF07EB}.Debug|x64.ActiveCfg = Debug|x64
		{9BF81B34-BBF0-4EBD-8623-452260CF07EB}.Debug|x64.Build.0 = Debug|x64
		{9BF81B34-BBF0-4EBD-8623-452260CF07EB}.Debug|x86.ActiveCfg = Debug|Win32
		{9BF81B34-BBF0-4EBD-8623-452260CF07EB}.Debug|x86.Build.0 = Debug|Win32
		{9BF81B34-BBF0-4EBD-8623-452260CF07EB}.Release|x64.ActiveCfg = Release|x64
		{9BF81B34-BBF0-4EBD-8623-452260CF07EB}.Release|x64.Build.0 = Release|x64
		{9BF81B34-BBF0-4EBD-8623-452260CF07EB}.Release|x86.ActiveCfg = Release|Win32
		{9BF81B34-BBF0-4EBD-8623-452260CF07EB}.Release|x86.Build.0 = Release|Win32
		{D6D11C5B-77F5-4BE8-A4F3-974B3C598606}.Debug|x64.ActiveCfg = Debug|x64
		{D6D11C5B-77F5-4BE8-A4F3-974B3C598606}.Debug|x64.Build.0 = Debug|x64
		{D6D11C5B-77F5-4BE8-A4F3-974B3C598606}.Debug|x86.ActiveCfg = Debug|Win32
		{D6D11C5B-77F5-4BE8-A4F3-974B3C598606}.Debug|x86.Build.0 = Debug|Win32
		{D6D11C5B-77F5-4BE8-A4F3-974B3C598606}.Release|x64.ActiveCfg = Release|x64
		{D6D11C5B-77F5-4BE8-A4F3-974B3C598606}.Release|x64.Build.0 = Release|x64
		{D6D11C5B-77F5-4BE8-A4F3-974B3C598606}.Release|x86.ActiveCfg = Release|Win32
		{D6D11C5B-77F5-4BE8-A4F3-974B3C598606}.Release|x86.Build.0 = Release|Win32
	EndGlobalSection
	GlobalSection(SolutionProperties) = preSolution
		HideSolutionNode = FALSE
	EndGlobalSection
	GlobalSection(ExtensibilityGlobals) = postSolution
		SolutionGuid = {95E46CA5-B693-4ACD-A9B5-70905F470335}
	EndGlobalSection
EndGlobal
