
Microsoft Visual Studio Solution File, Format Version 12.00
# Visual Studio Version 16
VisualStudioVersion = 16.0.30717.126
MinimumVisualStudioVersion = 10.0.40219.1
Project("{8BC9CEB8-8B4A-11D0-8D11-00A0C91BC942}") = "Задание_1", "Задание_1\Задание_1.vcxproj", "{1A07712B-05E8-47B9-9900-40EB90CA9E9C}"
EndProject
Project("{8BC9CEB8-8B4A-11D0-8D11-00A0C91BC942}") = "Задание_2", "Задание_2\Задание_2.vcxproj", "{BBCD7608-51D9-4C23-9872-98F26FD94FE1}"
EndProject
Project("{8BC9CEB8-8B4A-11D0-8D11-00A0C91BC942}") = "Задание_3", "Задание_3\Задание_3.vcxproj", "{AF08DF3B-189E-4C5A-94D7-DF9D0A11DCF3}"
EndProject
Project("{8BC9CEB8-8B4A-11D0-8D11-00A0C91BC942}") = "Задание_4", "Задание_4\Задание_4.vcxproj", "{497EA17B-C1E9-4820-9CE7-43C246A8662D}"
EndProject
Project("{8BC9CEB8-8B4A-11D0-8D11-00A0C91BC942}") = "Задание_5", "Задание_5\Задание_5.vcxproj", "{635BD189-4276-4A7D-89A8-8A70DAE2B464}"
EndProject
Global
	GlobalSection(SolutionConfigurationPlatforms) = preSolution
		Debug|x64 = Debug|x64
		Debug|x86 = Debug|x86
		Release|x64 = Release|x64
		Release|x86 = Release|x86
	EndGlobalSection
	GlobalSection(ProjectConfigurationPlatforms) = postSolution
		{1A07712B-05E8-47B9-9900-40EB90CA9E9C}.Debug|x64.ActiveCfg = Debug|x64
		{1A07712B-05E8-47B9-9900-40EB90CA9E9C}.Debug|x64.Build.0 = Debug|x64
		{1A07712B-05E8-47B9-9900-40EB90CA9E9C}.Debug|x86.ActiveCfg = Debug|Win32
		{1A07712B-05E8-47B9-9900-40EB90CA9E9C}.Debug|x86.Build.0 = Debug|Win32
		{1A07712B-05E8-47B9-9900-40EB90CA9E9C}.Release|x64.ActiveCfg = Release|x64
		{1A07712B-05E8-47B9-9900-40EB90CA9E9C}.Release|x64.Build.0 = Release|x64
		{1A07712B-05E8-47B9-9900-40EB90CA9E9C}.Release|x86.ActiveCfg = Release|Win32
		{1A07712B-05E8-47B9-9900-40EB90CA9E9C}.Release|x86.Build.0 = Release|Win32
		{BBCD7608-51D9-4C23-9872-98F26FD94FE1}.Debug|x64.ActiveCfg = Debug|x64
		{BBCD7608-51D9-4C23-9872-98F26FD94FE1}.Debug|x64.Build.0 = Debug|x64
		{BBCD7608-51D9-4C23-9872-98F26FD94FE1}.Debug|x86.ActiveCfg = Debug|Win32
		{BBCD7608-51D9-4C23-9872-98F26FD94FE1}.Debug|x86.Build.0 = Debug|Win32
		{BBCD7608-51D9-4C23-9872-98F26FD94FE1}.Release|x64.ActiveCfg = Release|x64
		{BBCD7608-51D9-4C23-9872-98F26FD94FE1}.Release|x64.Build.0 = Release|x64
		{BBCD7608-51D9-4C23-9872-98F26FD94FE1}.Release|x86.ActiveCfg = Release|Win32
		{BBCD7608-51D9-4C23-9872-98F26FD94FE1}.Release|x86.Build.0 = Release|Win32
		{AF08DF3B-189E-4C5A-94D7-DF9D0A11DCF3}.Debug|x64.ActiveCfg = Debug|x64
		{AF08DF3B-189E-4C5A-94D7-DF9D0A11DCF3}.Debug|x64.Build.0 = Debug|x64
		{AF08DF3B-189E-4C5A-94D7-DF9D0A11DCF3}.Debug|x86.ActiveCfg = Debug|Win32
		{AF08DF3B-189E-4C5A-94D7-DF9D0A11DCF3}.Debug|x86.Build.0 = Debug|Win32
		{AF08DF3B-189E-4C5A-94D7-DF9D0A11DCF3}.Release|x64.ActiveCfg = Release|x64
		{AF08DF3B-189E-4C5A-94D7-DF9D0A11DCF3}.Release|x64.Build.0 = Release|x64
		{AF08DF3B-189E-4C5A-94D7-DF9D0A11DCF3}.Release|x86.ActiveCfg = Release|Win32
		{AF08DF3B-189E-4C5A-94D7-DF9D0A11DCF3}.Release|x86.Build.0 = Release|Win32
		{497EA17B-C1E9-4820-9CE7-43C246A8662D}.Debug|x64.ActiveCfg = Debug|x64
		{497EA17B-C1E9-4820-9CE7-43C246A8662D}.Debug|x64.Build.0 = Debug|x64
		{497EA17B-C1E9-4820-9CE7-43C246A8662D}.Debug|x86.ActiveCfg = Debug|Win32
		{497EA17B-C1E9-4820-9CE7-43C246A8662D}.Debug|x86.Build.0 = Debug|Win32
		{497EA17B-C1E9-4820-9CE7-43C246A8662D}.Release|x64.ActiveCfg = Release|x64
		{497EA17B-C1E9-4820-9CE7-43C246A8662D}.Release|x64.Build.0 = Release|x64
		{497EA17B-C1E9-4820-9CE7-43C246A8662D}.Release|x86.ActiveCfg = Release|Win32
		{497EA17B-C1E9-4820-9CE7-43C246A8662D}.Release|x86.Build.0 = Release|Win32
		{635BD189-4276-4A7D-89A8-8A70DAE2B464}.Debug|x64.ActiveCfg = Debug|x64
		{635BD189-4276-4A7D-89A8-8A70DAE2B464}.Debug|x64.Build.0 = Debug|x64
		{635BD189-4276-4A7D-89A8-8A70DAE2B464}.Debug|x86.ActiveCfg = Debug|Win32
		{635BD189-4276-4A7D-89A8-8A70DAE2B464}.Debug|x86.Build.0 = Debug|Win32
		{635BD189-4276-4A7D-89A8-8A70DAE2B464}.Release|x64.ActiveCfg = Release|x64
		{635BD189-4276-4A7D-89A8-8A70DAE2B464}.Release|x64.Build.0 = Release|x64
		{635BD189-4276-4A7D-89A8-8A70DAE2B464}.Release|x86.ActiveCfg = Release|Win32
		{635BD189-4276-4A7D-89A8-8A70DAE2B464}.Release|x86.Build.0 = Release|Win32
	EndGlobalSection
	GlobalSection(SolutionProperties) = preSolution
		HideSolutionNode = FALSE
	EndGlobalSection
	GlobalSection(ExtensibilityGlobals) = postSolution
		SolutionGuid = {B30DFB22-B22E-4D25-BC7A-251BA3C2B6FC}
	EndGlobalSection
EndGlobal
